
Microsoft Visual Studio Solution File, Format Version 12.00
# Visual Studio Version 17
Project("{8BC9CEB8-8B4A-11D0-8D11-00A0C91BC942}") = "ALL_BUILD", "ALL_BUILD.vcxproj", "{ECE43771-0FB8-3537-B7EA-017FB390E391}"
	ProjectSection(ProjectDependencies) = postProject
		{96A93B69-BC8B-361B-9EDA-31149052F8CA} = {96A93B69-BC8B-361B-9EDA-31149052F8CA}
		{D45669E9-B91B-30F3-B7C5-8872927AE758} = {D45669E9-B91B-30F3-B7C5-8872927AE758}
		{60305A21-F474-3EF4-AA33-37F81133B600} = {60305A21-F474-3EF4-AA33-37F81133B600}
		{2C86AD49-943B-321A-9DF3-C73B766929B3} = {2C86AD49-943B-321A-9DF3-C73B766929B3}
	EndProjectSection
EndProject
Project("{8BC9CEB8-8B4A-11D0-8D11-00A0C91BC942}") = "RUN_TESTS", "RUN_TESTS.vcxproj", "{E3C7EDEE-CEE3-3CA8-BDDE-C787C4E84D81}"
	ProjectSection(ProjectDependencies) = postProject
		{2C86AD49-943B-321A-9DF3-C73B766929B3} = {2C86AD49-943B-321A-9DF3-C73B766929B3}
	EndProjectSection
EndProject
Project("{8BC9CEB8-8B4A-11D0-8D11-00A0C91BC942}") = "TimeTrackerApp", "TimeTrackerApp.vcxproj", "{96A93B69-BC8B-361B-9EDA-31149052F8CA}"
	ProjectSection(ProjectDependencies) = postProject
		{D45669E9-B91B-30F3-B7C5-8872927AE758} = {D45669E9-B91B-30F3-B7C5-8872927AE758}
		{2C86AD49-943B-321A-9DF3-C73B766929B3} = {2C86AD49-943B-321A-9DF3-C73B766929B3}
	EndProjectSection
EndProject
Project("{8BC9CEB8-8B4A-11D0-8D11-00A0C91BC942}") = "TimeTrackerLib", "TimeTrackerLib.vcxproj", "{D45669E9-B91B-30F3-B7C5-8872927AE758}"
	ProjectSection(ProjectDependencies) = postProject
		{2C86AD49-943B-321A-9DF3-C73B766929B3} = {2C86AD49-943B-321A-9DF3-C73B766929B3}
	EndProjectSection
EndProject
Project("{8BC9CEB8-8B4A-11D0-8D11-00A0C91BC942}") = "TimeTrackerTests", "TimeTrackerTests.vcxproj", "{60305A21-F474-3EF4-AA33-37F81133B600}"
	ProjectSection(ProjectDependencies) = postProject
		{D45669E9-B91B-30F3-B7C5-8872927AE758} = {D45669E9-B91B-30F3-B7C5-8872927AE758}
		{2C86AD49-943B-321A-9DF3-C73B766929B3} = {2C86AD49-943B-321A-9DF3-C73B766929B3}
	EndProjectSection
EndProject
Project("{8BC9CEB8-8B4A-11D0-8D11-00A0C91BC942}") = "ZERO_CHECK", "ZERO_CHECK.vcxproj", "{2C86AD49-943B-321A-9DF3-C73B766929B3}"
	ProjectSection(ProjectDependencies) = postProject
	EndProjectSection
EndProject
Project("{8BC9CEB8-8B4A-11D0-8D11-00A0C91BC942}") = "run_tests", "run_tests.vcxproj", "{A4638DA0-0C7C-3AAB-9F4F-F1E576CBFC4B}"
	ProjectSection(ProjectDependencies) = postProject
		{60305A21-F474-3EF4-AA33-37F81133B600} = {60305A21-F474-3EF4-AA33-37F81133B600}
		{2C86AD49-943B-321A-9DF3-C73B766929B3} = {2C86AD49-943B-321A-9DF3-C73B766929B3}
	EndProjectSection
EndProject
Global
	GlobalSection(SolutionConfigurationPlatforms) = preSolution
		Debug|x64 = Debug|x64
		Release|x64 = Release|x64
		MinSizeRel|x64 = MinSizeRel|x64
		RelWithDebInfo|x64 = RelWithDebInfo|x64
	EndGlobalSection
	GlobalSection(ProjectConfigurationPlatforms) = postSolution
		{ECE43771-0FB8-3537-B7EA-017FB390E391}.Debug|x64.ActiveCfg = Debug|x64
		{ECE43771-0FB8-3537-B7EA-017FB390E391}.Release|x64.ActiveCfg = Release|x64
		{ECE43771-0FB8-3537-B7EA-017FB390E391}.MinSizeRel|x64.ActiveCfg = MinSizeRel|x64
		{ECE43771-0FB8-3537-B7EA-017FB390E391}.RelWithDebInfo|x64.ActiveCfg = RelWithDebInfo|x64
		{E3C7EDEE-CEE3-3CA8-BDDE-C787C4E84D81}.Debug|x64.ActiveCfg = Debug|x64
		{E3C7EDEE-CEE3-3CA8-BDDE-C787C4E84D81}.Release|x64.ActiveCfg = Release|x64
		{E3C7EDEE-CEE3-3CA8-BDDE-C787C4E84D81}.MinSizeRel|x64.ActiveCfg = MinSizeRel|x64
		{E3C7EDEE-CEE3-3CA8-BDDE-C787C4E84D81}.RelWithDebInfo|x64.ActiveCfg = RelWithDebInfo|x64
		{96A93B69-BC8B-361B-9EDA-31149052F8CA}.Debug|x64.ActiveCfg = Debug|x64
		{96A93B69-BC8B-361B-9EDA-31149052F8CA}.Debug|x64.Build.0 = Debug|x64
		{96A93B69-BC8B-361B-9EDA-31149052F8CA}.Release|x64.ActiveCfg = Release|x64
		{96A93B69-BC8B-361B-9EDA-31149052F8CA}.Release|x64.Build.0 = Release|x64
		{96A93B69-BC8B-361B-9EDA-31149052F8CA}.MinSizeRel|x64.ActiveCfg = MinSizeRel|x64
		{96A93B69-BC8B-361B-9EDA-31149052F8CA}.MinSizeRel|x64.Build.0 = MinSizeRel|x64
		{96A93B69-BC8B-361B-9EDA-31149052F8CA}.RelWithDebInfo|x64.ActiveCfg = RelWithDebInfo|x64
		{96A93B69-BC8B-361B-9EDA-31149052F8CA}.RelWithDebInfo|x64.Build.0 = RelWithDebInfo|x64
		{D45669E9-B91B-30F3-B7C5-8872927AE758}.Debug|x64.ActiveCfg = Debug|x64
		{D45669E9-B91B-30F3-B7C5-8872927AE758}.Debug|x64.Build.0 = Debug|x64
		{D45669E9-B91B-30F3-B7C5-8872927AE758}.Release|x64.ActiveCfg = Release|x64
		{D45669E9-B91B-30F3-B7C5-8872927AE758}.Release|x64.Build.0 = Release|x64
		{D45669E9-B91B-30F3-B7C5-8872927AE758}.MinSizeRel|x64.ActiveCfg = MinSizeRel|x64
		{D45669E9-B91B-30F3-B7C5-8872927AE758}.MinSizeRel|x64.Build.0 = MinSizeRel|x64
		{D45669E9-B91B-30F3-B7C5-8872927AE758}.RelWithDebInfo|x64.ActiveCfg = RelWithDebInfo|x64
		{D45669E9-B91B-30F3-B7C5-8872927AE758}.RelWithDebInfo|x64.Build.0 = RelWithDebInfo|x64
		{60305A21-F474-3EF4-AA33-37F81133B600}.Debug|x64.ActiveCfg = Debug|x64
		{60305A21-F474-3EF4-AA33-37F81133B600}.Debug|x64.Build.0 = Debug|x64
		{60305A21-F474-3EF4-AA33-37F81133B600}.Release|x64.ActiveCfg = Release|x64
		{60305A21-F474-3EF4-AA33-37F81133B600}.Release|x64.Build.0 = Release|x64
		{60305A21-F474-3EF4-AA33-37F81133B600}.MinSizeRel|x64.ActiveCfg = MinSizeRel|x64
		{60305A21-F474-3EF4-AA33-37F81133B600}.MinSizeRel|x64.Build.0 = MinSizeRel|x64
		{60305A21-F474-3EF4-AA33-37F81133B600}.RelWithDebInfo|x64.ActiveCfg = RelWithDebInfo|x64
		{60305A21-F474-3EF4-AA33-37F81133B600}.RelWithDebInfo|x64.Build.0 = RelWithDebInfo|x64
		{2C86AD49-943B-321A-9DF3-C73B766929B3}.Debug|x64.ActiveCfg = Debug|x64
		{2C86AD49-943B-321A-9DF3-C73B766929B3}.Debug|x64.Build.0 = Debug|x64
		{2C86AD49-943B-321A-9DF3-C73B766929B3}.Release|x64.ActiveCfg = Release|x64
		{2C86AD49-943B-321A-9DF3-C73B766929B3}.Release|x64.Build.0 = Release|x64
		{2C86AD49-943B-321A-9DF3-C73B766929B3}.MinSizeRel|x64.ActiveCfg = MinSizeRel|x64
		{2C86AD49-943B-321A-9DF3-C73B766929B3}.MinSizeRel|x64.Build.0 = MinSizeRel|x64
		{2C86AD49-943B-321A-9DF3-C73B766929B3}.RelWithDebInfo|x64.ActiveCfg = RelWithDebInfo|x64
		{2C86AD49-943B-321A-9DF3-C73B766929B3}.RelWithDebInfo|x64.Build.0 = RelWithDebInfo|x64
		{A4638DA0-0C7C-3AAB-9F4F-F1E576CBFC4B}.Debug|x64.ActiveCfg = Debug|x64
		{A4638DA0-0C7C-3AAB-9F4F-F1E576CBFC4B}.Release|x64.ActiveCfg = Release|x64
		{A4638DA0-0C7C-3AAB-9F4F-F1E576CBFC4B}.MinSizeRel|x64.ActiveCfg = MinSizeRel|x64
		{A4638DA0-0C7C-3AAB-9F4F-F1E576CBFC4B}.RelWithDebInfo|x64.ActiveCfg = RelWithDebInfo|x64
	EndGlobalSection
	GlobalSection(ExtensibilityGlobals) = postSolution
		SolutionGuid = {A10122C1-9A3B-3EBC-837D-21C27E4B94F6}
	EndGlobalSection
	GlobalSection(ExtensibilityAddIns) = postSolution
	EndGlobalSection
EndGlobal
