<?xml version="1.0" encoding="utf-8"?>
<Project ToolsVersion="17.0" xmlns="http://schemas.microsoft.com/developer/msbuild/2003">
  <ItemGroup>
    <CustomBuild Include="C:\dev\timetracker\app\CMakeFiles\bf297babf3c0d19a215c21fa4482643b\generate.stamp.rule">
      <Filter>CMake Rules</Filter>
    </CustomBuild>
  </ItemGroup>
  <ItemGroup>
    <Filter Include="CMake Rules">
      <UniqueIdentifier>{60FEE76E-29D4-36EE-8904-0B3C10530A2C}</UniqueIdentifier>
    </Filter>
  </ItemGroup>
</Project>
